<?xml version="1.0" encoding="utf-8"?>
<Project ToolsVersion="4.0" xmlns="http://schemas.microsoft.com/developer/msbuild/2003">
  <ItemGroup>
    <Filter Include="Source Files">
      <UniqueIdentifier>{4FC737F1-C7A5-4376-A066-2A32D752A2FF}</UniqueIdentifier>
      <Extensions>cpp;c;cc;cxx;def;odl;idl;hpj;bat;asm;asmx</Extensions>
    </Filter>
    <Filter Include="Header Files">
      <UniqueIdentifier>{93995380-89BD-4b04-88EB-625FBE52EBFB}</UniqueIdentifier>
      <Extensions>h;hh;hpp;hxx;hm;inl;inc;xsd</Extensions>
    </Filter>
    <Filter Include="Resource Files">
      <UniqueIdentifier>{67DA6AB6-F800-4c08-8B7A-83BB121AAD01}</UniqueIdentifier>
      <Extensions>rc;ico;cur;bmp;dlg;rc2;rct;bin;rgs;gif;jpg;jpeg;jpe;resx;tiff;tif;png;wav;mfcribbon-ms</Extensions>
    </Filter>
  </ItemGroup>
  <ItemGroup>
    <ClCompile Include="1.赋值运算符函数.cpp">
      <Filter>Source Files</Filter>
    </ClCompile>
    <ClCompile Include="2.实现Singleton模式.cpp">
      <Filter>Source Files</Filter>
    </ClCompile>
    <ClCompile Include="3.二维数组中的查找.cpp">
      <Filter>Source Files</Filter>
    </ClCompile>
    <ClCompile Include="4.替换空格.cpp">
      <Filter>Source Files</Filter>
    </ClCompile>
    <ClCompile Include="5.从尾到头打印链表.cpp">
      <Filter>Source Files</Filter>
    </ClCompile>
    <ClCompile Include="6.重建二叉树.cpp">
      <Filter>Source Files</Filter>
    </ClCompile>
    <ClCompile Include="7.用两个栈实现队列.cpp">
      <Filter>Source Files</Filter>
    </ClCompile>
    <ClCompile Include="0.needDone.cpp">
      <Filter>Source Files</Filter>
    </ClCompile>
    <ClCompile Include="8.快速排序.cpp">
      <Filter>Source Files</Filter>
    </ClCompile>
    <ClCompile Include="13.打印1到最大的n位数.cpp">
      <Filter>Source Files</Filter>
    </ClCompile>
    <ClCompile Include="12.数值的整数次方.cpp">
      <Filter>Source Files</Filter>
    </ClCompile>
    <ClCompile Include="9.旋转数组.cpp">
      <Filter>Source Files</Filter>
    </ClCompile>
    <ClCompile Include="10.斐波那契.cpp">
      <Filter>Source Files</Filter>
    </ClCompile>
    <ClCompile Include="11.位运算_二进制中1的个数.cpp">
      <Filter>Source Files</Filter>
    </ClCompile>
    <ClCompile Include="14.删除链表节点.cpp">
      <Filter>Source Files</Filter>
    </ClCompile>
    <ClCompile Include="let01_链表从位置m到n的逆序.cpp">
      <Filter>Source Files</Filter>
    </ClCompile>
    <ClCompile Include="let01_求两个链表的交点.cpp">
      <Filter>Source Files</Filter>
    </ClCompile>
    <ClCompile Include="let01_链表求环.cpp">
      <Filter>Source Files</Filter>
    </ClCompile>
    <ClCompile Include="let01_链表划分.cpp">
      <Filter>Source Files</Filter>
    </ClCompile>
    <ClCompile Include="let01_复杂的链表的深度拷贝.cpp">
      <Filter>Source Files</Filter>
    </ClCompile>
    <ClCompile Include="let01_排序链表的合并.cpp">
      <Filter>Source Files</Filter>
    </ClCompile>
    <ClCompile Include="let01_多个排序链表的合并.cpp">
      <Filter>Source Files</Filter>
    </ClCompile>
    <ClCompile Include="let02_使用队列实现栈.cpp">
      <Filter>Source Files</Filter>
    </ClCompile>
    <ClCompile Include="let02_使用栈实现队列.cpp">
      <Filter>Source Files</Filter>
    </ClCompile>
    <ClCompile Include="let02_包含min函数的栈.cpp">
      <Filter>Source Files</Filter>
    </ClCompile>
    <ClCompile Include="30.数组中出现次数超过一般的数字.cpp">
      <Filter>Source Files</Filter>
    </ClCompile>
    <ClCompile Include="let07_anagram分组.cpp">
      <Filter>Source Files</Filter>
    </ClCompile>
    <ClCompile Include="let07_词语模式.cpp">
      <Filter>Source Files</Filter>
    </ClCompile>
    <ClCompile Include="let07_哈希表.cpp">
      <Filter>Source Files</Filter>
    </ClCompile>
    <ClCompile Include="let07_最长回文串.cpp">
      <Filter>Source Files</Filter>
    </ClCompile>
    <ClCompile Include="let07_无重复字符的最长子串.cpp">
      <Filter>Source Files</Filter>
    </ClCompile>
    <ClCompile Include="let07_重复的DNA序列.cpp">
      <Filter>Source Files</Filter>
    </ClCompile>
    <ClCompile Include="let07_最小窗口子串.cpp">
      <Filter>Source Files</Filter>
    </ClCompile>
  </ItemGroup>
  <ItemGroup>
    <None Include="C:\Users\GBW\Desktop\内部排序.doc" />
    <None Include="内部排序.doc" />
  </ItemGroup>
</Project>